
Microsoft Visual Studio Solution File, Format Version 10.00
# Visual Studio 2008
Project("{E24C65DC-7377-472B-9ABA-BC803B73C61A}") = "Highcharts", "..\..\..\Mindz\Highcharts\", "{8F1FFF4F-9683-4CC6-9EE4-DE88098AA0AF}"
	ProjectSection(WebsiteProperties) = preProject
		TargetFramework = "3.5"
		ProjectReferences = "{26CA1D5D-306C-4A50-A64B-C4A6DAF095FB}|Highcharts.dll;"
		Debug.AspNetCompiler.VirtualPath = "/Highcharts"
		Debug.AspNetCompiler.PhysicalPath = "..\..\..\Mindz\Highcharts\"
		Debug.AspNetCompiler.TargetPath = "PrecompiledWeb\Highcharts\"
		Debug.AspNetCompiler.Updateable = "true"
		Debug.AspNetCompiler.ForceOverwrite = "true"
		Debug.AspNetCompiler.FixedNames = "false"
		Debug.AspNetCompiler.Debug = "True"
		Release.AspNetCompiler.VirtualPath = "/Highcharts"
		Release.AspNetCompiler.PhysicalPath = "..\..\..\Mindz\Highcharts\"
		Release.AspNetCompiler.TargetPath = "PrecompiledWeb\Highcharts\"
		Release.AspNetCompiler.Updateable = "true"
		Release.AspNetCompiler.ForceOverwrite = "true"
		Release.AspNetCompiler.FixedNames = "false"
		Release.AspNetCompiler.Debug = "False"
		VWDPort = "50667"
		DefaultWebSiteLanguage = "Visual C#"
	EndProjectSection
EndProject
Project("{FAE04EC0-301F-11D3-BF4B-00C04F79EFBC}") = "Highcharts", "Highcharts\Highcharts.csproj", "{26CA1D5D-306C-4A50-A64B-C4A6DAF095FB}"
EndProject
Global
	GlobalSection(SolutionConfigurationPlatforms) = preSolution
		Debug|Any CPU = Debug|Any CPU
		Release|Any CPU = Release|Any CPU
	EndGlobalSection
	GlobalSection(ProjectConfigurationPlatforms) = postSolution
		{8F1FFF4F-9683-4CC6-9EE4-DE88098AA0AF}.Debug|Any CPU.ActiveCfg = Debug|Any CPU
		{8F1FFF4F-9683-4CC6-9EE4-DE88098AA0AF}.Debug|Any CPU.Build.0 = Debug|Any CPU
		{8F1FFF4F-9683-4CC6-9EE4-DE88098AA0AF}.Release|Any CPU.ActiveCfg = Debug|Any CPU
		{8F1FFF4F-9683-4CC6-9EE4-DE88098AA0AF}.Release|Any CPU.Build.0 = Debug|Any CPU
		{26CA1D5D-306C-4A50-A64B-C4A6DAF095FB}.Debug|Any CPU.ActiveCfg = Debug|Any CPU
		{26CA1D5D-306C-4A50-A64B-C4A6DAF095FB}.Debug|Any CPU.Build.0 = Debug|Any CPU
		{26CA1D5D-306C-4A50-A64B-C4A6DAF095FB}.Release|Any CPU.ActiveCfg = Release|Any CPU
		{26CA1D5D-306C-4A50-A64B-C4A6DAF095FB}.Release|Any CPU.Build.0 = Release|Any CPU
	EndGlobalSection
	GlobalSection(SolutionProperties) = preSolution
		HideSolutionNode = FALSE
	EndGlobalSection
EndGlobal
